
Microsoft Visual Studio Solution File, Format Version 12.00
# Visual Studio 15
VisualStudioVersion = 15.0.28010.2026
MinimumVisualStudioVersion = 10.0.40219.1
Project("{FAE04EC0-301F-11D3-BF4B-00C04F79EFBC}") = "GameShopNew", "GameShopNew\GameShopNew.csproj", "{10C89D0E-BAC1-499A-8C99-8B0A72A764A0}"
EndProject
Global
	GlobalSection(SolutionConfigurationPlatforms) = preSolution
		Debug|Any CPU = Debug|Any CPU
		Release|Any CPU = Release|Any CPU
	EndGlobalSection
	GlobalSection(ProjectConfigurationPlatforms) = postSolution
		{10C89D0E-BAC1-499A-8C99-8B0A72A764A0}.Debug|Any CPU.ActiveCfg = Debug|Any CPU
		{10C89D0E-BAC1-499A-8C99-8B0A72A764A0}.Debug|Any CPU.Build.0 = Debug|Any CPU
		{10C89D0E-BAC1-499A-8C99-8B0A72A764A0}.Release|Any CPU.ActiveCfg = Release|Any CPU
		{10C89D0E-BAC1-499A-8C99-8B0A72A764A0}.Release|Any CPU.Build.0 = Release|Any CPU
	EndGlobalSection
	GlobalSection(SolutionProperties) = preSolution
		HideSolutionNode = FALSE
	EndGlobalSection
	GlobalSection(ExtensibilityGlobals) = postSolution
		SolutionGuid = {19E7025B-1A8F-4926-A4E7-B25FD76AF94D}
	EndGlobalSection
EndGlobal
